// !$*UTF8*$!
{
	archiveVersion = 1;
	classes = {
	};
	objectVersion = 46;
	objects = {

/* Begin PBXBuildFile section */
		90E921A623C0556D009BF78F /* RNCamerarollPicker.m in Sources */ = {isa = PBXBuildFile; fileRef = 90E921A523C05566009BF78F /* RNCamerarollPicker.m */; };
		90E921A723C0556D009BF78F /* Compression.m in Sources */ = {isa = PBXBuildFile; fileRef = 90E921A123C05566009BF78F /* Compression.m */; };
		90E921A823C0556D009BF78F /* UIImage+Resize.m in Sources */ = {isa = PBXBuildFile; fileRef = 90E921A023C05566009BF78F /* UIImage+Resize.m */; };
		90E9221C23C2EA13009BF78F /* RNAlbumCell.m in Sources */ = {isa = PBXBuildFile; fileRef = 90E9221B23C2EA13009BF78F /* RNAlbumCell.m */; };
		90E9221F23C2EB54009BF78F /* RNAlbumsViewController.m in Sources */ = {isa = PBXBuildFile; fileRef = 90E9221E23C2EB54009BF78F /* RNAlbumsViewController.m */; };
		90E9222223C2EC4A009BF78F /* RNAssetCell.m in Sources */ = {isa = PBXBuildFile; fileRef = 90E9222123C2EC4A009BF78F /* RNAssetCell.m */; };
		90E9222523C2ED18009BF78F /* RNAssetsViewController.m in Sources */ = {isa = PBXBuildFile; fileRef = 90E9222423C2ED18009BF78F /* RNAssetsViewController.m */; };
		90E9222823C2EDCC009BF78F /* RNCheckmarkView.m in Sources */ = {isa = PBXBuildFile; fileRef = 90E9222723C2EDCC009BF78F /* RNCheckmarkView.m */; };
		90E9222B23C2EF8F009BF78F /* RNImagePickerController.m in Sources */ = {isa = PBXBuildFile; fileRef = 90E9222A23C2EF8F009BF78F /* RNImagePickerController.m */; };
		90E9222E23C2EFFE009BF78F /* RNSlomoIconView.m in Sources */ = {isa = PBXBuildFile; fileRef = 90E9222D23C2EFFE009BF78F /* RNSlomoIconView.m */; };
		90E9223123C2F063009BF78F /* RNVideoIconView.m in Sources */ = {isa = PBXBuildFile; fileRef = 90E9223023C2F063009BF78F /* RNVideoIconView.m */; };
		90E9223423C2F0CF009BF78F /* RNVideoIndicatorView.m in Sources */ = {isa = PBXBuildFile; fileRef = 90E9223323C2F0CF009BF78F /* RNVideoIndicatorView.m */; };
/* End PBXBuildFile section */

/* Begin PBXCopyFilesBuildPhase section */
		58B511D91A9E6C8500147676 /* CopyFiles */ = {
			isa = PBXCopyFilesBuildPhase;
			buildActionMask = 2147483647;
			dstPath = "include/$(PRODUCT_NAME)";
			dstSubfolderSpec = 16;
			files = (
			);
			runOnlyForDeploymentPostprocessing = 0;
		};
/* End PBXCopyFilesBuildPhase section */

/* Begin PBXFileReference section */
		134814201AA4EA6300B7C361 /* libRNCamerarollPicker.a */ = {isa = PBXFileReference; explicitFileType = archive.ar; includeInIndex = 0; path = libRNCamerarollPicker.a; sourceTree = BUILT_PRODUCTS_DIR; };
		90E921A023C05566009BF78F /* UIImage+Resize.m */ = {isa = PBXFileReference; lastKnownFileType = sourcecode.c.objc; path = "UIImage+Resize.m"; sourceTree = "<group>"; };
		90E921A123C05566009BF78F /* Compression.m */ = {isa = PBXFileReference; lastKnownFileType = sourcecode.c.objc; path = Compression.m; sourceTree = "<group>"; };
		90E921A223C05566009BF78F /* RNCamerarollPicker.h */ = {isa = PBXFileReference; lastKnownFileType = sourcecode.c.h; path = RNCamerarollPicker.h; sourceTree = "<group>"; };
		90E921A323C05566009BF78F /* UIImage+Resize.h */ = {isa = PBXFileReference; lastKnownFileType = sourcecode.c.h; path = "UIImage+Resize.h"; sourceTree = "<group>"; };
		90E921A423C05566009BF78F /* Compression.h */ = {isa = PBXFileReference; lastKnownFileType = sourcecode.c.h; path = Compression.h; sourceTree = "<group>"; };
		90E921A523C05566009BF78F /* RNCamerarollPicker.m */ = {isa = PBXFileReference; lastKnownFileType = sourcecode.c.objc; path = RNCamerarollPicker.m; sourceTree = "<group>"; };
		90E9220D23C2E815009BF78F /* RNImagePicker.storyboard */ = {isa = PBXFileReference; fileEncoding = 4; lastKnownFileType = file.storyboard; path = RNImagePicker.storyboard; sourceTree = "<group>"; };
		90E9221A23C2E9E3009BF78F /* RNAlbumCell.h */ = {isa = PBXFileReference; lastKnownFileType = sourcecode.c.h; path = RNAlbumCell.h; sourceTree = "<group>"; };
		90E9221B23C2EA13009BF78F /* RNAlbumCell.m */ = {isa = PBXFileReference; lastKnownFileType = sourcecode.c.objc; path = RNAlbumCell.m; sourceTree = "<group>"; };
		90E9221D23C2EA84009BF78F /* RNAlbumsViewController.h */ = {isa = PBXFileReference; lastKnownFileType = sourcecode.c.h; path = RNAlbumsViewController.h; sourceTree = "<group>"; };
		90E9221E23C2EB54009BF78F /* RNAlbumsViewController.m */ = {isa = PBXFileReference; lastKnownFileType = sourcecode.c.objc; path = RNAlbumsViewController.m; sourceTree = "<group>"; };
		90E9222023C2EC25009BF78F /* RNAssetCell.h */ = {isa = PBXFileReference; lastKnownFileType = sourcecode.c.h; path = RNAssetCell.h; sourceTree = "<group>"; };
		90E9222123C2EC4A009BF78F /* RNAssetCell.m */ = {isa = PBXFileReference; lastKnownFileType = sourcecode.c.objc; path = RNAssetCell.m; sourceTree = "<group>"; };
		90E9222323C2EC9E009BF78F /* RNAssetsViewController.h */ = {isa = PBXFileReference; lastKnownFileType = sourcecode.c.h; path = RNAssetsViewController.h; sourceTree = "<group>"; };
		90E9222423C2ED18009BF78F /* RNAssetsViewController.m */ = {isa = PBXFileReference; lastKnownFileType = sourcecode.c.objc; path = RNAssetsViewController.m; sourceTree = "<group>"; };
		90E9222623C2ED8B009BF78F /* RNCheckmarkView.h */ = {isa = PBXFileReference; lastKnownFileType = sourcecode.c.h; path = RNCheckmarkView.h; sourceTree = "<group>"; };
		90E9222723C2EDCC009BF78F /* RNCheckmarkView.m */ = {isa = PBXFileReference; lastKnownFileType = sourcecode.c.objc; path = RNCheckmarkView.m; sourceTree = "<group>"; };
		90E9222923C2EF51009BF78F /* RNImagePickerController.h */ = {isa = PBXFileReference; lastKnownFileType = sourcecode.c.h; path = RNImagePickerController.h; sourceTree = "<group>"; };
		90E9222A23C2EF8F009BF78F /* RNImagePickerController.m */ = {isa = PBXFileReference; lastKnownFileType = sourcecode.c.objc; path = RNImagePickerController.m; sourceTree = "<group>"; };
		90E9222C23C2EFD2009BF78F /* RNSlomoIconView.h */ = {isa = PBXFileReference; lastKnownFileType = sourcecode.c.h; path = RNSlomoIconView.h; sourceTree = "<group>"; };
		90E9222D23C2EFFE009BF78F /* RNSlomoIconView.m */ = {isa = PBXFileReference; lastKnownFileType = sourcecode.c.objc; path = RNSlomoIconView.m; sourceTree = "<group>"; };
		90E9222F23C2F042009BF78F /* RNVideoIconView.h */ = {isa = PBXFileReference; lastKnownFileType = sourcecode.c.h; path = RNVideoIconView.h; sourceTree = "<group>"; };
		90E9223023C2F063009BF78F /* RNVideoIconView.m */ = {isa = PBXFileReference; lastKnownFileType = sourcecode.c.objc; path = RNVideoIconView.m; sourceTree = "<group>"; };
		90E9223223C2F0A2009BF78F /* RNVideoIndicatorView.h */ = {isa = PBXFileReference; lastKnownFileType = sourcecode.c.h; path = RNVideoIndicatorView.h; sourceTree = "<group>"; };
		90E9223323C2F0CF009BF78F /* RNVideoIndicatorView.m */ = {isa = PBXFileReference; lastKnownFileType = sourcecode.c.objc; path = RNVideoIndicatorView.m; sourceTree = "<group>"; };
		90E9223723C2F1E7009BF78F /* en */ = {isa = PBXFileReference; lastKnownFileType = text.plist.strings; name = en; path = en.lproj/RNImagePicker.strings; sourceTree = "<group>"; };
		90E9223923C2F1EA009BF78F /* English */ = {isa = PBXFileReference; lastKnownFileType = text.plist.strings; name = English; path = English.lproj/RNImagePicker.strings; sourceTree = "<group>"; };
		90E9223A23C2F1EB009BF78F /* km-KH */ = {isa = PBXFileReference; lastKnownFileType = text.plist.strings; name = "km-KH"; path = "km-KH.lproj/RNImagePicker.strings"; sourceTree = "<group>"; };
		90E9223B23C2F1EC009BF78F /* vi */ = {isa = PBXFileReference; lastKnownFileType = text.plist.strings; name = vi; path = vi.lproj/RNImagePicker.strings; sourceTree = "<group>"; };
/* End PBXFileReference section */

/* Begin PBXFrameworksBuildPhase section */
		58B511D81A9E6C8500147676 /* Frameworks */ = {
			isa = PBXFrameworksBuildPhase;
			buildActionMask = 2147483647;
			files = (
			);
			runOnlyForDeploymentPostprocessing = 0;
		};
/* End PBXFrameworksBuildPhase section */

/* Begin PBXGroup section */
		134814211AA4EA7D00B7C361 /* Products */ = {
			isa = PBXGroup;
			children = (
				134814201AA4EA6300B7C361 /* libRNCamerarollPicker.a */,
			);
			name = Products;
			sourceTree = "<group>";
		};
		58B511D21A9E6C8500147676 = {
			isa = PBXGroup;
			children = (
				90E9223523C2F1A8009BF78F /* Resources */,
				90E921DC23C2E77A009BF78F /* Picker */,
				90E9219623C05534009BF78F /* Libraries */,
				90E921A423C05566009BF78F /* Compression.h */,
				90E921A123C05566009BF78F /* Compression.m */,
				90E921A223C05566009BF78F /* RNCamerarollPicker.h */,
				90E921A523C05566009BF78F /* RNCamerarollPicker.m */,
				90E921A323C05566009BF78F /* UIImage+Resize.h */,
				90E921A023C05566009BF78F /* UIImage+Resize.m */,
				134814211AA4EA7D00B7C361 /* Products */,
				90E921A923C055E4009BF78F /* Frameworks */,
			);
			sourceTree = "<group>";
		};
		90E9219623C05534009BF78F /* Libraries */ = {
			isa = PBXGroup;
			children = (
			);
			name = Libraries;
			sourceTree = "<group>";
		};
		90E921A923C055E4009BF78F /* Frameworks */ = {
			isa = PBXGroup;
			children = (
			);
			name = Frameworks;
			sourceTree = "<group>";
		};
		90E921DC23C2E77A009BF78F /* Picker */ = {
			isa = PBXGroup;
			children = (
				90E9220D23C2E815009BF78F /* RNImagePicker.storyboard */,
				90E9221A23C2E9E3009BF78F /* RNAlbumCell.h */,
				90E9221B23C2EA13009BF78F /* RNAlbumCell.m */,
				90E9221D23C2EA84009BF78F /* RNAlbumsViewController.h */,
				90E9221E23C2EB54009BF78F /* RNAlbumsViewController.m */,
				90E9222023C2EC25009BF78F /* RNAssetCell.h */,
				90E9222123C2EC4A009BF78F /* RNAssetCell.m */,
				90E9222323C2EC9E009BF78F /* RNAssetsViewController.h */,
				90E9222423C2ED18009BF78F /* RNAssetsViewController.m */,
				90E9222623C2ED8B009BF78F /* RNCheckmarkView.h */,
				90E9222723C2EDCC009BF78F /* RNCheckmarkView.m */,
				90E9222923C2EF51009BF78F /* RNImagePickerController.h */,
				90E9222A23C2EF8F009BF78F /* RNImagePickerController.m */,
				90E9222C23C2EFD2009BF78F /* RNSlomoIconView.h */,
				90E9222D23C2EFFE009BF78F /* RNSlomoIconView.m */,
				90E9222F23C2F042009BF78F /* RNVideoIconView.h */,
				90E9223023C2F063009BF78F /* RNVideoIconView.m */,
				90E9223223C2F0A2009BF78F /* RNVideoIndicatorView.h */,
				90E9223323C2F0CF009BF78F /* RNVideoIndicatorView.m */,
			);
			path = Picker;
			sourceTree = "<group>";
		};
		90E9223523C2F1A8009BF78F /* Resources */ = {
			isa = PBXGroup;
			children = (
				90E9223823C2F1E7009BF78F /* RNImagePicker.strings */,
			);
			path = Resources;
			sourceTree = "<group>";
		};
/* End PBXGroup section */

/* Begin PBXNativeTarget section */
		58B511DA1A9E6C8500147676 /* RNCamerarollPicker */ = {
			isa = PBXNativeTarget;
			buildConfigurationList = 58B511EF1A9E6C8500147676 /* Build configuration list for PBXNativeTarget "RNCamerarollPicker" */;
			buildPhases = (
				58B511D71A9E6C8500147676 /* Sources */,
				58B511D81A9E6C8500147676 /* Frameworks */,
				58B511D91A9E6C8500147676 /* CopyFiles */,
			);
			buildRules = (
			);
			dependencies = (
			);
			name = RNCamerarollPicker;
			productName = RCTDataManager;
			productReference = 134814201AA4EA6300B7C361 /* libRNCamerarollPicker.a */;
			productType = "com.apple.product-type.library.static";
		};
/* End PBXNativeTarget section */

/* Begin PBXProject section */
		58B511D31A9E6C8500147676 /* Project object */ = {
			isa = PBXProject;
			attributes = {
				LastUpgradeCheck = 0830;
				ORGANIZATIONNAME = Facebook;
				TargetAttributes = {
					58B511DA1A9E6C8500147676 = {
						CreatedOnToolsVersion = 6.1.1;
					};
				};
			};
			buildConfigurationList = 58B511D61A9E6C8500147676 /* Build configuration list for PBXProject "RNCamerarollPicker" */;
			compatibilityVersion = "Xcode 3.2";
			developmentRegion = English;
			hasScannedForEncodings = 0;
			knownRegions = (
				English,
				en,
				vi,
				"km-KH",
			);
			mainGroup = 58B511D21A9E6C8500147676;
			productRefGroup = 58B511D21A9E6C8500147676;
			projectDirPath = "";
			projectRoot = "";
			targets = (
				58B511DA1A9E6C8500147676 /* RNCamerarollPicker */,
			);
		};
/* End PBXProject section */

/* Begin PBXSourcesBuildPhase section */
		58B511D71A9E6C8500147676 /* Sources */ = {
			isa = PBXSourcesBuildPhase;
			buildActionMask = 2147483647;
			files = (
				90E921A723C0556D009BF78F /* Compression.m in Sources */,
				90E9222B23C2EF8F009BF78F /* RNImagePickerController.m in Sources */,
				90E9222823C2EDCC009BF78F /* RNCheckmarkView.m in Sources */,
				90E9222E23C2EFFE009BF78F /* RNSlomoIconView.m in Sources */,
				90E9222523C2ED18009BF78F /* RNAssetsViewController.m in Sources */,
				90E9223123C2F063009BF78F /* RNVideoIconView.m in Sources */,
				90E9221F23C2EB54009BF78F /* RNAlbumsViewController.m in Sources */,
				90E9223423C2F0CF009BF78F /* RNVideoIndicatorView.m in Sources */,
				90E9221C23C2EA13009BF78F /* RNAlbumCell.m in Sources */,
				90E9222223C2EC4A009BF78F /* RNAssetCell.m in Sources */,
				90E921A823C0556D009BF78F /* UIImage+Resize.m in Sources */,
				90E921A623C0556D009BF78F /* RNCamerarollPicker.m in Sources */,
			);
			runOnlyForDeploymentPostprocessing = 0;
		};
/* End PBXSourcesBuildPhase section */

/* Begin PBXVariantGroup section */
		90E9223823C2F1E7009BF78F /* RNImagePicker.strings */ = {
			isa = PBXVariantGroup;
			children = (
				90E9223723C2F1E7009BF78F /* en */,
				90E9223923C2F1EA009BF78F /* English */,
				90E9223A23C2F1EB009BF78F /* km-KH */,
				90E9223B23C2F1EC009BF78F /* vi */,
			);
			name = RNImagePicker.strings;
			sourceTree = "<group>";
		};
/* End PBXVariantGroup section */

/* Begin XCBuildConfiguration section */
		58B511ED1A9E6C8500147676 /* Debug */ = {
			isa = XCBuildConfiguration;
			buildSettings = {
				ALWAYS_SEARCH_USER_PATHS = NO;
				CLANG_CXX_LANGUAGE_STANDARD = "gnu++0x";
				CLANG_CXX_LIBRARY = "libc++";
				CLANG_ENABLE_MODULES = YES;
				CLANG_ENABLE_OBJC_ARC = YES;
				CLANG_WARN_BOOL_CONVERSION = YES;
				CLANG_WARN_CONSTANT_CONVERSION = YES;
				CLANG_WARN_DIRECT_OBJC_ISA_USAGE = YES_ERROR;
				CLANG_WARN_EMPTY_BODY = YES;
				CLANG_WARN_ENUM_CONVERSION = YES;
				CLANG_WARN_INFINITE_RECURSION = YES;
				CLANG_WARN_INT_CONVERSION = YES;
				CLANG_WARN_OBJC_ROOT_CLASS = YES_ERROR;
				CLANG_WARN_SUSPICIOUS_MOVE = YES;
				CLANG_WARN_UNREACHABLE_CODE = YES;
				CLANG_WARN__DUPLICATE_METHOD_MATCH = YES;
				COPY_PHASE_STRIP = NO;
				ENABLE_STRICT_OBJC_MSGSEND = YES;
				ENABLE_TESTABILITY = YES;
				GCC_C_LANGUAGE_STANDARD = gnu99;
				GCC_DYNAMIC_NO_PIC = NO;
				GCC_NO_COMMON_BLOCKS = YES;
				GCC_OPTIMIZATION_LEVEL = 0;
				GCC_PREPROCESSOR_DEFINITIONS = (
					"DEBUG=1",
					"$(inherited)",
				);
				GCC_SYMBOLS_PRIVATE_EXTERN = NO;
				GCC_WARN_64_TO_32_BIT_CONVERSION = YES;
				GCC_WARN_ABOUT_RETURN_TYPE = YES_ERROR;
				GCC_WARN_UNDECLARED_SELECTOR = YES;
				GCC_WARN_UNINITIALIZED_AUTOS = YES_AGGRESSIVE;
				GCC_WARN_UNUSED_FUNCTION = YES;
				GCC_WARN_UNUSED_VARIABLE = YES;
				IPHONEOS_DEPLOYMENT_TARGET = 8.0;
				MTL_ENABLE_DEBUG_INFO = YES;
				ONLY_ACTIVE_ARCH = YES;
				SDKROOT = iphoneos;
			};
			name = Debug;
		};
		58B511EE1A9E6C8500147676 /* Release */ = {
			isa = XCBuildConfiguration;
			buildSettings = {
				ALWAYS_SEARCH_USER_PATHS = NO;
				CLANG_CXX_LANGUAGE_STANDARD = "gnu++0x";
				CLANG_CXX_LIBRARY = "libc++";
				CLANG_ENABLE_MODULES = YES;
				CLANG_ENABLE_OBJC_ARC = YES;
				CLANG_WARN_BOOL_CONVERSION = YES;
				CLANG_WARN_CONSTANT_CONVERSION = YES;
				CLANG_WARN_DIRECT_OBJC_ISA_USAGE = YES_ERROR;
				CLANG_WARN_EMPTY_BODY = YES;
				CLANG_WARN_ENUM_CONVERSION = YES;
				CLANG_WARN_INFINITE_RECURSION = YES;
				CLANG_WARN_INT_CONVERSION = YES;
				CLANG_WARN_OBJC_ROOT_CLASS = YES_ERROR;
				CLANG_WARN_SUSPICIOUS_MOVE = YES;
				CLANG_WARN_UNREACHABLE_CODE = YES;
				CLANG_WARN__DUPLICATE_METHOD_MATCH = YES;
				COPY_PHASE_STRIP = YES;
				ENABLE_NS_ASSERTIONS = NO;
				ENABLE_STRICT_OBJC_MSGSEND = YES;
				GCC_C_LANGUAGE_STANDARD = gnu99;
				GCC_NO_COMMON_BLOCKS = YES;
				GCC_WARN_64_TO_32_BIT_CONVERSION = YES;
				GCC_WARN_ABOUT_RETURN_TYPE = YES_ERROR;
				GCC_WARN_UNDECLARED_SELECTOR = YES;
				GCC_WARN_UNINITIALIZED_AUTOS = YES_AGGRESSIVE;
				GCC_WARN_UNUSED_FUNCTION = YES;
				GCC_WARN_UNUSED_VARIABLE = YES;
				IPHONEOS_DEPLOYMENT_TARGET = 8.0;
				MTL_ENABLE_DEBUG_INFO = NO;
				SDKROOT = iphoneos;
				VALIDATE_PRODUCT = YES;
			};
			name = Release;
		};
		58B511F01A9E6C8500147676 /* Debug */ = {
			isa = XCBuildConfiguration;
			buildSettings = {
				HEADER_SEARCH_PATHS = (
					"$(inherited)",
					"${SRCROOT}/../../ios/Pods/Headers/Public/**",
				);
				LIBRARY_SEARCH_PATHS = "$(inherited)";
				OTHER_LDFLAGS = "-ObjC";
				PRODUCT_NAME = RNCamerarollPicker;
				SKIP_INSTALL = YES;
			};
			name = Debug;
		};
		58B511F11A9E6C8500147676 /* Release */ = {
			isa = XCBuildConfiguration;
			buildSettings = {
				HEADER_SEARCH_PATHS = (
					"$(inherited)",
					"${SRCROOT}/../../ios/Pods/Headers/Public/**",
				);
				LIBRARY_SEARCH_PATHS = "$(inherited)";
				OTHER_LDFLAGS = "-ObjC";
				PRODUCT_NAME = RNCamerarollPicker;
				SKIP_INSTALL = YES;
			};
			name = Release;
		};
/* End XCBuildConfiguration section */

/* Begin XCConfigurationList section */
		58B511D61A9E6C8500147676 /* Build configuration list for PBXProject "RNCamerarollPicker" */ = {
			isa = XCConfigurationList;
			buildConfigurations = (
				58B511ED1A9E6C8500147676 /* Debug */,
				58B511EE1A9E6C8500147676 /* Release */,
			);
			defaultConfigurationIsVisible = 0;
			defaultConfigurationName = Release;
		};
		58B511EF1A9E6C8500147676 /* Build configuration list for PBXNativeTarget "RNCamerarollPicker" */ = {
			isa = XCConfigurationList;
			buildConfigurations = (
				58B511F01A9E6C8500147676 /* Debug */,
				58B511F11A9E6C8500147676 /* Release */,
			);
			defaultConfigurationIsVisible = 0;
			defaultConfigurationName = Release;
		};
/* End XCConfigurationList section */
	};
	rootObject = 58B511D31A9E6C8500147676 /* Project object */;
}
